
Microsoft Visual Studio Solution File, Format Version 12.00
# Visual Studio 15
VisualStudioVersion = 15.0.27004.2010
MinimumVisualStudioVersion = 10.0.40219.1
Project("{FAE04EC0-301F-11D3-BF4B-00C04F79EFBC}") = "CertMSGA", "CertMSGA\CertMSGA.csproj", "{5CF04434-13E9-416E-AF21-5D1ED2E49736}"
EndProject
Global
	GlobalSection(SolutionConfigurationPlatforms) = preSolution
		Debug|Any CPU = Debug|Any CPU
		Release|Any CPU = Release|Any CPU
	EndGlobalSection
	GlobalSection(ProjectConfigurationPlatforms) = postSolution
		{5CF04434-13E9-416E-AF21-5D1ED2E49736}.Debug|Any CPU.ActiveCfg = Debug|Any CPU
		{5CF04434-13E9-416E-AF21-5D1ED2E49736}.Debug|Any CPU.Build.0 = Debug|Any CPU
		{5CF04434-13E9-416E-AF21-5D1ED2E49736}.Release|Any CPU.ActiveCfg = Release|Any CPU
		{5CF04434-13E9-416E-AF21-5D1ED2E49736}.Release|Any CPU.Build.0 = Release|Any CPU
	EndGlobalSection
	GlobalSection(SolutionProperties) = preSolution
		HideSolutionNode = FALSE
	EndGlobalSection
	GlobalSection(ExtensibilityGlobals) = postSolution
		SolutionGuid = {22D39A02-75F1-4082-9438-1EA872CF564F}
	EndGlobalSection
EndGlobal
